{
  "pins" : [
    {
      "identity" : "abseil-cpp-binary",
      "kind" : "remoteSourceControl",
      "location" : "https://github.com/google/abseil-cpp-binary.git",
      "state" : {
        "revision" : "bfc0b6f81adc06ce5121eb23f628473638d67c5c",
        "version" : "1.2022062300.0"
      }
    },
    {
      "identity" : "alertkit",
      "kind" : "remoteSourceControl",
      "location" : "https://github.com/sparrowcode/AlertKit",
      "state" : {
        "revision" : "30228c31758799cb5f59da3c45e090e78e7282ca",
        "version" : "5.1.4"
      }
    },
    {
      "identity" : "chartview",
      "kind" : "remoteSourceControl",
      "location" : "https://github.com/AppPear/ChartView",
      "state" : {
        "revision" : "9115a992c91fa19cbb4f2241084240d38654a1fc",
        "version" : "1.5.5"
      }
    },
    {
      "identity" : "firebase-ios-sdk",
      "kind" : "remoteSourceControl",
      "location" : "https://github.com/firebase/firebase-ios-sdk.git",
      "state" : {
        "revision" : "837d4af6ead57cec1fc38007892500d3139c7556",
        "version" : "10.16.0"
      }
    },
    {
      "identity" : "generative-ai-swift",
      "kind" : "remoteSourceControl",
      "location" : "https://github.com/google/generative-ai-swift",
      "state" : {
        "revision" : "c16f7c335a45b5541c85bebcdc1443305c10926f",
        "version" : "0.2.0"
      }
    },
    {
      "identity" : "get",
      "kind" : "remoteSourceControl",
      "location" : "https://github.com/kean/Get",
      "state" : {
        "revision" : "12830cc64f31789ae6f4352d2d51d03a25fc3741",
        "version" : "2.1.6"
      }
    },
    {
      "identity" : "googleappmeasurement",
      "kind" : "remoteSourceControl",
      "location" : "https://github.com/google/GoogleAppMeasurement.git",
      "state" : {
        "revision" : "56f681586ff006a7982b53dc94082eea31971acf",
        "version" : "10.16.0"
      }
    },
    {
      "identity" : "googledatatransport",
      "kind" : "remoteSourceControl",
      "location" : "https://github.com/google/GoogleDataTransport.git",
      "state" : {
        "revision" : "aae45a320fd0d11811820335b1eabc8753902a40",
        "version" : "9.2.5"
      }
    },
    {
      "identity" : "googleutilities",
      "kind" : "remoteSourceControl",
      "location" : "https://github.com/google/GoogleUtilities.git",
      "state" : {
        "revision" : "c38ce365d77b04a9a300c31061c5227589e5597b",
        "version" : "7.11.5"
      }
    },
    {
      "identity" : "grpc-binary",
      "kind" : "remoteSourceControl",
      "location" : "https://github.com/google/grpc-binary.git",
      "state" : {
        "revision" : "a673bc2937fbe886dd1f99c401b01b6d977a9c98",
        "version" : "1.49.1"
      }
    },
    {
      "identity" : "gtm-session-fetcher",
      "kind" : "remoteSourceControl",
      "location" : "https://github.com/google/gtm-session-fetcher.git",
      "state" : {
        "revision" : "d415594121c9e8a4f9d79cecee0965cf35e74dbd",
        "version" : "3.1.1"
      }
    },
    {
      "identity" : "inject",
      "kind" : "remoteSourceControl",
      "location" : "https://github.com/krzysztofzablocki/Inject.git",
      "state" : {
        "revision" : "2057eb9819813b89fd2107e99608d2d20890d9c5",
        "version" : "1.2.4"
      }
    },
    {
      "identity" : "interop-ios-for-google-sdks",
      "kind" : "remoteSourceControl",
      "location" : "https://github.com/google/interop-ios-for-google-sdks.git",
      "state" : {
        "revision" : "2d12673670417654f08f5f90fdd62926dc3a2648",
        "version" : "100.0.0"
      }
    },
    {
      "identity" : "leveldb",
      "kind" : "remoteSourceControl",
      "location" : "https://github.com/firebase/leveldb.git",
      "state" : {
        "revision" : "0706abcc6b0bd9cedfbb015ba840e4a780b5159b",
        "version" : "1.22.2"
      }
    },
    {
      "identity" : "nanopb",
      "kind" : "remoteSourceControl",
      "location" : "https://github.com/firebase/nanopb.git",
      "state" : {
        "revision" : "819d0a2173aff699fb8c364b6fb906f7cdb1a692",
        "version" : "2.30909.0"
      }
    },
    {
      "identity" : "promises",
      "kind" : "remoteSourceControl",
      "location" : "https://github.com/google/promises.git",
      "state" : {
        "revision" : "e70e889c0196c76d22759eb50d6a0270ca9f1d9e",
        "version" : "2.3.1"
      }
    },
    {
      "identity" : "rive-ios",
      "kind" : "remoteSourceControl",
      "location" : "https://github.com/rive-app/rive-ios",
      "state" : {
        "revision" : "2f9b26311742b0c36bb936655497304ed2f518a9",
        "version" : "5.5.1"
      }
    },
    {
      "identity" : "swift-protobuf",
      "kind" : "remoteSourceControl",
      "location" : "https://github.com/apple/swift-protobuf.git",
      "state" : {
        "revision" : "7dade5ea5ab0d05a2dd28f9cc6a6ea0d50588857",
        "version" : "1.25.0"
      }
    },
    {
      "identity" : "swiftui-cached-async-image",
      "kind" : "remoteSourceControl",
      "location" : "https://github.com/lorenzofiamingo/swiftui-cached-async-image",
      "state" : {
        "revision" : "467a3d17479887943ab917a379e62bbaff60ac8a",
        "version" : "2.1.1"
      }
    },
    {
      "identity" : "swiftuicalendar",
      "kind" : "remoteSourceControl",
      "location" : "https://github.com/GGJJack/SwiftUICalendar",
      "state" : {
        "revision" : "7ecd220909bc25529e35e2addb513a20abbfec82",
        "version" : "0.1.14"
      }
    },
    {
      "identity" : "swiftybeaver",
      "kind" : "remoteSourceControl",
      "location" : "https://github.com/SwiftyBeaver/SwiftyBeaver",
      "state" : {
        "revision" : "1080914828ef1c9ca9cd2bad50667b3d847dabff",
        "version" : "2.0.0"
      }
    },
    {
      "identity" : "urlqueryencoder",
      "kind" : "remoteSourceControl",
      "location" : "https://github.com/CreateAPI/URLQueryEncoder",
      "state" : {
        "revision" : "4ce950479707ea109f229d7230ec074a133b15d7",
        "version" : "0.2.1"
      }
    },
    {
      "identity" : "wrappinghstack",
      "kind" : "remoteSourceControl",
      "location" : "https://github.com/dkk/WrappingHStack",
      "state" : {
        "revision" : "425d9488ba55f58f0b34498c64c054c77fc2a44b",
        "version" : "2.2.11"
      }
    }
  ],
  "version" : 2
}
