// !$*UTF8*$!
{
	archiveVersion = 1;
	classes = {
	};
	objectVersion = 56;
	objects = {

/* Begin PBXBuildFile section */
		0202FC532A677EA700D28518 /* Workout.swift in Sources */ = {isa = PBXBuildFile; fileRef = 0202FC522A677EA700D28518 /* Workout.swift */; };
		02352F942A6595B200BB68AF /* GoogleService-Info.plist in Resources */ = {isa = PBXBuildFile; fileRef = 02352F932A6595B200BB68AF /* GoogleService-Info.plist */; };
		026042BD2A62E27900F4AF88 /* EnduraApp.swift in Sources */ = {isa = PBXBuildFile; fileRef = 026042BC2A62E27900F4AF88 /* EnduraApp.swift */; };
		026042BF2A62E27900F4AF88 /* ContentView.swift in Sources */ = {isa = PBXBuildFile; fileRef = 026042BE2A62E27900F4AF88 /* ContentView.swift */; };
		026042C12A62E27C00F4AF88 /* Assets.xcassets in Resources */ = {isa = PBXBuildFile; fileRef = 026042C02A62E27C00F4AF88 /* Assets.xcassets */; };
		026042C42A62E27C00F4AF88 /* Preview Assets.xcassets in Resources */ = {isa = PBXBuildFile; fileRef = 026042C32A62E27C00F4AF88 /* Preview Assets.xcassets */; };
		026042CE2A62E27C00F4AF88 /* EnduraTests.swift in Sources */ = {isa = PBXBuildFile; fileRef = 026042CD2A62E27C00F4AF88 /* EnduraTests.swift */; };
		026042D82A62E27C00F4AF88 /* EnduraUITests.swift in Sources */ = {isa = PBXBuildFile; fileRef = 026042D72A62E27C00F4AF88 /* EnduraUITests.swift */; };
		026042DA2A62E27C00F4AF88 /* EnduraUITestsLaunchTests.swift in Sources */ = {isa = PBXBuildFile; fileRef = 026042D92A62E27C00F4AF88 /* EnduraUITestsLaunchTests.swift */; };
		026042E82A62E36300F4AF88 /* FirebaseAnalytics in Frameworks */ = {isa = PBXBuildFile; productRef = 026042E72A62E36300F4AF88 /* FirebaseAnalytics */; };
		026042EA2A62E36300F4AF88 /* FirebaseAnalyticsSwift in Frameworks */ = {isa = PBXBuildFile; productRef = 026042E92A62E36300F4AF88 /* FirebaseAnalyticsSwift */; };
		026042EC2A62E36300F4AF88 /* FirebaseAuth in Frameworks */ = {isa = PBXBuildFile; productRef = 026042EB2A62E36300F4AF88 /* FirebaseAuth */; };
		026042EE2A62E36300F4AF88 /* FirebaseDatabase in Frameworks */ = {isa = PBXBuildFile; productRef = 026042ED2A62E36300F4AF88 /* FirebaseDatabase */; };
		026042F02A62E36300F4AF88 /* FirebaseDatabaseSwift in Frameworks */ = {isa = PBXBuildFile; productRef = 026042EF2A62E36300F4AF88 /* FirebaseDatabaseSwift */; };
		026042F22A62E36300F4AF88 /* FirebaseFirestore in Frameworks */ = {isa = PBXBuildFile; productRef = 026042F12A62E36300F4AF88 /* FirebaseFirestore */; };
		026042F42A62E36300F4AF88 /* FirebaseFirestoreSwift in Frameworks */ = {isa = PBXBuildFile; productRef = 026042F32A62E36300F4AF88 /* FirebaseFirestoreSwift */; };
		026042F62A62E36300F4AF88 /* FirebaseFunctions in Frameworks */ = {isa = PBXBuildFile; productRef = 026042F52A62E36300F4AF88 /* FirebaseFunctions */; };
		026042F82A62E36300F4AF88 /* FirebaseMLModelDownloader in Frameworks */ = {isa = PBXBuildFile; productRef = 026042F72A62E36300F4AF88 /* FirebaseMLModelDownloader */; };
		026042FA2A62E36300F4AF88 /* FirebaseStorage in Frameworks */ = {isa = PBXBuildFile; productRef = 026042F92A62E36300F4AF88 /* FirebaseStorage */; };
		17CC668261B0BC82E6EEDDBA /* ActivityPost.swift in Sources */ = {isa = PBXBuildFile; fileRef = 17CC69F5F51AE211727A3343 /* ActivityPost.swift */; };
		17CC6D07ACB8C238CFDC9CC6 /* ProfileImage.swift in Sources */ = {isa = PBXBuildFile; fileRef = 17CC66EA7C715C2776A564D2 /* ProfileImage.swift */; };
		17CC6E57057675F816CE2456 /* UserModels.swift in Sources */ = {isa = PBXBuildFile; fileRef = 17CC667CC1714144EA4F1172 /* UserModels.swift */; };
		6969806A4CC90CB13D38ABAE /* Database.swift in Sources */ = {isa = PBXBuildFile; fileRef = 696981801C5068A4710C0DA2 /* Database.swift */; };
		696980FB9DBE79E1EA36A768 /* ActivityMap.swift in Sources */ = {isa = PBXBuildFile; fileRef = 696982EE94EC856245965FFD /* ActivityMap.swift */; };
		6969826CF3BCDFA16EC0B2C2 /* ActivityModels.swift in Sources */ = {isa = PBXBuildFile; fileRef = 6969870866179CC66A7558FB /* ActivityModels.swift */; };
		696983C2448098B242747B5C /* ProfileView.swift in Sources */ = {isa = PBXBuildFile; fileRef = 696985A05E4D25C066BD24F3 /* ProfileView.swift */; };
		696983C807BF764F750FB09D /* Auth.swift in Sources */ = {isa = PBXBuildFile; fileRef = 696989B3ACC5846606EE527B /* Auth.swift */; };
		696983D815E023C30549A7BB /* HealthKitErrors.swift in Sources */ = {isa = PBXBuildFile; fileRef = 696984EE498475DB24E5E333 /* HealthKitErrors.swift */; };
		696984F1B1F8F623157F875A /* Users.swift in Sources */ = {isa = PBXBuildFile; fileRef = 696982663142A11EE8E111D5 /* Users.swift */; };
		69698671DBDF2B136019BAA8 /* UploadCustomWorkoutView.swift in Sources */ = {isa = PBXBuildFile; fileRef = 696984366AC3E4F224C26D34 /* UploadCustomWorkoutView.swift */; };
		6969869F3EB16BBBEE6D126E /* HomeView.swift in Sources */ = {isa = PBXBuildFile; fileRef = 6969824200418FF34705EE6A /* HomeView.swift */; };
		696986BD803239CC2C5AE22A /* HKWorkoutActivityType.swift in Sources */ = {isa = PBXBuildFile; fileRef = 6969899BCE76C8EFC97E0F3B /* HKWorkoutActivityType.swift */; };
		696986CC55DFA43BF6A1D9B1 /* WorkoutErrors.swift in Sources */ = {isa = PBXBuildFile; fileRef = 696980A9493FB9C9A2291998 /* WorkoutErrors.swift */; };
		6969874C7C01175EDE8DC3F7 /* PreviewWorkoutView.swift in Sources */ = {isa = PBXBuildFile; fileRef = 696982855FE478D8D2440495 /* PreviewWorkoutView.swift */; };
		6969878A3056F1B2A488E450 /* CLLocation.swift in Sources */ = {isa = PBXBuildFile; fileRef = 696985F087A56B76C2C803F6 /* CLLocation.swift */; };
		6969893318E9C58859CCA2A0 /* EnduraWorkout.swift in Sources */ = {isa = PBXBuildFile; fileRef = 696982A3F9BB39FD53CF90B5 /* EnduraWorkout.swift */; };
		696989667077D098FD05A1C6 /* HealthKitUtils.swift in Sources */ = {isa = PBXBuildFile; fileRef = 69698B315EDC140451CA74A5 /* HealthKitUtils.swift */; };
		69698A7D9AF715CD1B7108FD /* TimeUtils.swift in Sources */ = {isa = PBXBuildFile; fileRef = 6969809898A0099B126A1596 /* TimeUtils.swift */; };
		69698ABD6831384C8A8992BA /* Navigation.swift in Sources */ = {isa = PBXBuildFile; fileRef = 6969874664193C94C38D7676 /* Navigation.swift */; };
		69698AFD558796F80D1A9385 /* UploadWorkoutsFrameView.swift in Sources */ = {isa = PBXBuildFile; fileRef = 696982A720404C6B50029098 /* UploadWorkoutsFrameView.swift */; };
		69698B2BDA9046D639E2A0E6 /* UploadWorkoutView.swift in Sources */ = {isa = PBXBuildFile; fileRef = 6969849C3C4EA502A9EE3634 /* UploadWorkoutView.swift */; };
		69698BABDCAEC0A369C6A3FA /* Double.swift in Sources */ = {isa = PBXBuildFile; fileRef = 6969819A8C4285A3E148D771 /* Double.swift */; };
		69698C7897FE8F624876FE76 /* LoginView.swift in Sources */ = {isa = PBXBuildFile; fileRef = 69698D02516F70CDB3E69B2C /* LoginView.swift */; };
		69698D8125A684D0E6DFC4C2 /* AppViewModel.swift in Sources */ = {isa = PBXBuildFile; fileRef = 696986EDB3F87EE749147042 /* AppViewModel.swift */; };
		69698E351EF5E934C5440F86 /* TrainingView.swift in Sources */ = {isa = PBXBuildFile; fileRef = 69698F375B8431109FFB3F98 /* TrainingView.swift */; };
		69698F967DFA9D0303BE96FF /* MKCoordinateRegion.swift in Sources */ = {isa = PBXBuildFile; fileRef = 69698EB89660B4ECE1D801BD /* MKCoordinateRegion.swift */; };
		69698FAA873BB6E235CB0685 /* DashboardView.swift in Sources */ = {isa = PBXBuildFile; fileRef = 696984C1906C8DA101564F11 /* DashboardView.swift */; };
		E955630C2A6F4F2800AC74DE /* SwiftUICharts in Frameworks */ = {isa = PBXBuildFile; productRef = E955630B2A6F4F2800AC74DE /* SwiftUICharts */; };
/* End PBXBuildFile section */

/* Begin PBXContainerItemProxy section */
		026042CA2A62E27C00F4AF88 /* PBXContainerItemProxy */ = {
			isa = PBXContainerItemProxy;
			containerPortal = 026042B12A62E27900F4AF88 /* Project object */;
			proxyType = 1;
			remoteGlobalIDString = 026042B82A62E27900F4AF88;
			remoteInfo = Endura;
		};
		026042D42A62E27C00F4AF88 /* PBXContainerItemProxy */ = {
			isa = PBXContainerItemProxy;
			containerPortal = 026042B12A62E27900F4AF88 /* Project object */;
			proxyType = 1;
			remoteGlobalIDString = 026042B82A62E27900F4AF88;
			remoteInfo = Endura;
		};
/* End PBXContainerItemProxy section */

/* Begin PBXFileReference section */
		0202FC522A677EA700D28518 /* Workout.swift */ = {isa = PBXFileReference; lastKnownFileType = sourcecode.swift; path = Workout.swift; sourceTree = "<group>"; };
		0202FC542A67851500D28518 /* EnduraDebug.entitlements */ = {isa = PBXFileReference; lastKnownFileType = text.plist.entitlements; path = EnduraDebug.entitlements; sourceTree = "<group>"; };
		02352F932A6595B200BB68AF /* GoogleService-Info.plist */ = {isa = PBXFileReference; fileEncoding = 4; lastKnownFileType = text.plist.xml; name = "GoogleService-Info.plist"; path = "../../../../../Downloads/GoogleService-Info.plist"; sourceTree = "<group>"; };
		026042B92A62E27900F4AF88 /* Endura.app */ = {isa = PBXFileReference; explicitFileType = wrapper.application; includeInIndex = 0; path = Endura.app; sourceTree = BUILT_PRODUCTS_DIR; };
		026042BC2A62E27900F4AF88 /* EnduraApp.swift */ = {isa = PBXFileReference; lastKnownFileType = sourcecode.swift; path = EnduraApp.swift; sourceTree = "<group>"; };
		026042BE2A62E27900F4AF88 /* ContentView.swift */ = {isa = PBXFileReference; lastKnownFileType = sourcecode.swift; path = ContentView.swift; sourceTree = "<group>"; };
		026042C02A62E27C00F4AF88 /* Assets.xcassets */ = {isa = PBXFileReference; lastKnownFileType = folder.assetcatalog; path = Assets.xcassets; sourceTree = "<group>"; };
		026042C32A62E27C00F4AF88 /* Preview Assets.xcassets */ = {isa = PBXFileReference; lastKnownFileType = folder.assetcatalog; path = "Preview Assets.xcassets"; sourceTree = "<group>"; };
		026042C92A62E27C00F4AF88 /* EnduraTests.xctest */ = {isa = PBXFileReference; explicitFileType = wrapper.cfbundle; includeInIndex = 0; path = EnduraTests.xctest; sourceTree = BUILT_PRODUCTS_DIR; };
		026042CD2A62E27C00F4AF88 /* EnduraTests.swift */ = {isa = PBXFileReference; lastKnownFileType = sourcecode.swift; path = EnduraTests.swift; sourceTree = "<group>"; };
		026042D32A62E27C00F4AF88 /* EnduraUITests.xctest */ = {isa = PBXFileReference; explicitFileType = wrapper.cfbundle; includeInIndex = 0; path = EnduraUITests.xctest; sourceTree = BUILT_PRODUCTS_DIR; };
		026042D72A62E27C00F4AF88 /* EnduraUITests.swift */ = {isa = PBXFileReference; lastKnownFileType = sourcecode.swift; path = EnduraUITests.swift; sourceTree = "<group>"; };
		026042D92A62E27C00F4AF88 /* EnduraUITestsLaunchTests.swift */ = {isa = PBXFileReference; lastKnownFileType = sourcecode.swift; path = EnduraUITestsLaunchTests.swift; sourceTree = "<group>"; };
		17CC667CC1714144EA4F1172 /* UserModels.swift */ = {isa = PBXFileReference; fileEncoding = 4; lastKnownFileType = sourcecode.swift; path = UserModels.swift; sourceTree = "<group>"; };
		17CC66EA7C715C2776A564D2 /* ProfileImage.swift */ = {isa = PBXFileReference; fileEncoding = 4; lastKnownFileType = sourcecode.swift; path = ProfileImage.swift; sourceTree = "<group>"; };
		17CC69F5F51AE211727A3343 /* ActivityPost.swift */ = {isa = PBXFileReference; fileEncoding = 4; lastKnownFileType = sourcecode.swift; path = ActivityPost.swift; sourceTree = "<group>"; };
		6969809898A0099B126A1596 /* TimeUtils.swift */ = {isa = PBXFileReference; fileEncoding = 4; lastKnownFileType = sourcecode.swift; path = TimeUtils.swift; sourceTree = "<group>"; };
		696980A9493FB9C9A2291998 /* WorkoutErrors.swift */ = {isa = PBXFileReference; fileEncoding = 4; lastKnownFileType = sourcecode.swift; path = WorkoutErrors.swift; sourceTree = "<group>"; };
		696981801C5068A4710C0DA2 /* Database.swift */ = {isa = PBXFileReference; fileEncoding = 4; lastKnownFileType = sourcecode.swift; path = Database.swift; sourceTree = "<group>"; };
		6969819A8C4285A3E148D771 /* Double.swift */ = {isa = PBXFileReference; fileEncoding = 4; lastKnownFileType = sourcecode.swift; path = Double.swift; sourceTree = "<group>"; };
		6969824200418FF34705EE6A /* HomeView.swift */ = {isa = PBXFileReference; fileEncoding = 4; lastKnownFileType = sourcecode.swift; name = HomeView.swift; path = Endura/HomeView.swift; sourceTree = SOURCE_ROOT; };
		696982663142A11EE8E111D5 /* Users.swift */ = {isa = PBXFileReference; fileEncoding = 4; lastKnownFileType = sourcecode.swift; path = Users.swift; sourceTree = "<group>"; };
		696982855FE478D8D2440495 /* PreviewWorkoutView.swift */ = {isa = PBXFileReference; fileEncoding = 4; lastKnownFileType = sourcecode.swift; path = PreviewWorkoutView.swift; sourceTree = "<group>"; };
		696982A3F9BB39FD53CF90B5 /* EnduraWorkout.swift */ = {isa = PBXFileReference; fileEncoding = 4; lastKnownFileType = sourcecode.swift; path = EnduraWorkout.swift; sourceTree = "<group>"; };
		696982A720404C6B50029098 /* UploadWorkoutsFrameView.swift */ = {isa = PBXFileReference; fileEncoding = 4; lastKnownFileType = sourcecode.swift; path = UploadWorkoutsFrameView.swift; sourceTree = "<group>"; };
		696982EE94EC856245965FFD /* ActivityMap.swift */ = {isa = PBXFileReference; fileEncoding = 4; lastKnownFileType = sourcecode.swift; path = ActivityMap.swift; sourceTree = "<group>"; };
		696984366AC3E4F224C26D34 /* UploadCustomWorkoutView.swift */ = {isa = PBXFileReference; fileEncoding = 4; lastKnownFileType = sourcecode.swift; path = UploadCustomWorkoutView.swift; sourceTree = "<group>"; };
		6969849C3C4EA502A9EE3634 /* UploadWorkoutView.swift */ = {isa = PBXFileReference; fileEncoding = 4; lastKnownFileType = sourcecode.swift; path = UploadWorkoutView.swift; sourceTree = "<group>"; };
		696984C1906C8DA101564F11 /* DashboardView.swift */ = {isa = PBXFileReference; fileEncoding = 4; lastKnownFileType = sourcecode.swift; path = DashboardView.swift; sourceTree = "<group>"; };
		696984EE498475DB24E5E333 /* HealthKitErrors.swift */ = {isa = PBXFileReference; fileEncoding = 4; lastKnownFileType = sourcecode.swift; path = HealthKitErrors.swift; sourceTree = "<group>"; };
		696985A05E4D25C066BD24F3 /* ProfileView.swift */ = {isa = PBXFileReference; fileEncoding = 4; lastKnownFileType = sourcecode.swift; path = ProfileView.swift; sourceTree = "<group>"; };
		696985F087A56B76C2C803F6 /* CLLocation.swift */ = {isa = PBXFileReference; fileEncoding = 4; lastKnownFileType = sourcecode.swift; path = CLLocation.swift; sourceTree = "<group>"; };
		696986EDB3F87EE749147042 /* AppViewModel.swift */ = {isa = PBXFileReference; fileEncoding = 4; lastKnownFileType = sourcecode.swift; path = AppViewModel.swift; sourceTree = "<group>"; };
		6969870866179CC66A7558FB /* ActivityModels.swift */ = {isa = PBXFileReference; fileEncoding = 4; lastKnownFileType = sourcecode.swift; path = ActivityModels.swift; sourceTree = "<group>"; };
		6969874664193C94C38D7676 /* Navigation.swift */ = {isa = PBXFileReference; fileEncoding = 4; lastKnownFileType = sourcecode.swift; path = Navigation.swift; sourceTree = "<group>"; };
		6969899BCE76C8EFC97E0F3B /* HKWorkoutActivityType.swift */ = {isa = PBXFileReference; fileEncoding = 4; lastKnownFileType = sourcecode.swift; path = HKWorkoutActivityType.swift; sourceTree = "<group>"; };
		696989B3ACC5846606EE527B /* Auth.swift */ = {isa = PBXFileReference; fileEncoding = 4; lastKnownFileType = sourcecode.swift; path = Auth.swift; sourceTree = "<group>"; };
		69698B315EDC140451CA74A5 /* HealthKitUtils.swift */ = {isa = PBXFileReference; fileEncoding = 4; lastKnownFileType = sourcecode.swift; path = HealthKitUtils.swift; sourceTree = "<group>"; };
		69698D02516F70CDB3E69B2C /* LoginView.swift */ = {isa = PBXFileReference; fileEncoding = 4; lastKnownFileType = sourcecode.swift; path = LoginView.swift; sourceTree = "<group>"; };
		69698EB89660B4ECE1D801BD /* MKCoordinateRegion.swift */ = {isa = PBXFileReference; fileEncoding = 4; lastKnownFileType = sourcecode.swift; path = MKCoordinateRegion.swift; sourceTree = "<group>"; };
		69698F375B8431109FFB3F98 /* TrainingView.swift */ = {isa = PBXFileReference; fileEncoding = 4; lastKnownFileType = sourcecode.swift; path = TrainingView.swift; sourceTree = "<group>"; };
/* End PBXFileReference section */

/* Begin PBXFrameworksBuildPhase section */
		026042B62A62E27900F4AF88 /* Frameworks */ = {
			isa = PBXFrameworksBuildPhase;
			buildActionMask = 2147483647;
			files = (
				026042F02A62E36300F4AF88 /* FirebaseDatabaseSwift in Frameworks */,
				026042EA2A62E36300F4AF88 /* FirebaseAnalyticsSwift in Frameworks */,
				026042EC2A62E36300F4AF88 /* FirebaseAuth in Frameworks */,
				026042FA2A62E36300F4AF88 /* FirebaseStorage in Frameworks */,
				026042F62A62E36300F4AF88 /* FirebaseFunctions in Frameworks */,
				026042F42A62E36300F4AF88 /* FirebaseFirestoreSwift in Frameworks */,
				026042EE2A62E36300F4AF88 /* FirebaseDatabase in Frameworks */,
				E955630C2A6F4F2800AC74DE /* SwiftUICharts in Frameworks */,
				026042F82A62E36300F4AF88 /* FirebaseMLModelDownloader in Frameworks */,
				026042E82A62E36300F4AF88 /* FirebaseAnalytics in Frameworks */,
				026042F22A62E36300F4AF88 /* FirebaseFirestore in Frameworks */,
			);
			runOnlyForDeploymentPostprocessing = 0;
		};
		026042C62A62E27C00F4AF88 /* Frameworks */ = {
			isa = PBXFrameworksBuildPhase;
			buildActionMask = 2147483647;
			files = (
			);
			runOnlyForDeploymentPostprocessing = 0;
		};
		026042D02A62E27C00F4AF88 /* Frameworks */ = {
			isa = PBXFrameworksBuildPhase;
			buildActionMask = 2147483647;
			files = (
			);
			runOnlyForDeploymentPostprocessing = 0;
		};
/* End PBXFrameworksBuildPhase section */

/* Begin PBXGroup section */
		0202FC552A67AB2700D28518 /* Extensions */ = {
			isa = PBXGroup;
			children = (
				6969819A8C4285A3E148D771 /* Double.swift */,
				696987044B598A3EAF716243 /* MapKit */,
				69698CBA3932CFCCE2E09B8F /* HealthKit */,
			);
			path = Extensions;
			sourceTree = "<group>";
		};
		026042B02A62E27900F4AF88 = {
			isa = PBXGroup;
			children = (
				026042BB2A62E27900F4AF88 /* Endura */,
				026042CC2A62E27C00F4AF88 /* EnduraTests */,
				026042D62A62E27C00F4AF88 /* EnduraUITests */,
				026042BA2A62E27900F4AF88 /* Products */,
			);
			sourceTree = "<group>";
		};
		026042BA2A62E27900F4AF88 /* Products */ = {
			isa = PBXGroup;
			children = (
				026042B92A62E27900F4AF88 /* Endura.app */,
				026042C92A62E27C00F4AF88 /* EnduraTests.xctest */,
				026042D32A62E27C00F4AF88 /* EnduraUITests.xctest */,
			);
			name = Products;
			sourceTree = "<group>";
		};
		026042BB2A62E27900F4AF88 /* Endura */ = {
			isa = PBXGroup;
			children = (
				0202FC552A67AB2700D28518 /* Extensions */,
				0202FC542A67851500D28518 /* EnduraDebug.entitlements */,
				02352F932A6595B200BB68AF /* GoogleService-Info.plist */,
				026042BC2A62E27900F4AF88 /* EnduraApp.swift */,
				026042BE2A62E27900F4AF88 /* ContentView.swift */,
				026042C02A62E27C00F4AF88 /* Assets.xcassets */,
				026042C22A62E27C00F4AF88 /* Preview Content */,
				696988E1CBEAB633692B2D14 /* Views */,
				69698720350C74DC405F7DBA /* Utils */,
				69698295434F07B0A3B70B02 /* Models */,
				69698BED38E7BC5FB38B4BA0 /* Errors */,
			);
			path = Endura;
			sourceTree = "<group>";
		};
		026042C22A62E27C00F4AF88 /* Preview Content */ = {
			isa = PBXGroup;
			children = (
				026042C32A62E27C00F4AF88 /* Preview Assets.xcassets */,
			);
			path = "Preview Content";
			sourceTree = "<group>";
		};
		026042CC2A62E27C00F4AF88 /* EnduraTests */ = {
			isa = PBXGroup;
			children = (
				026042CD2A62E27C00F4AF88 /* EnduraTests.swift */,
			);
			path = EnduraTests;
			sourceTree = "<group>";
		};
		026042D62A62E27C00F4AF88 /* EnduraUITests */ = {
			isa = PBXGroup;
			children = (
				026042D72A62E27C00F4AF88 /* EnduraUITests.swift */,
				026042D92A62E27C00F4AF88 /* EnduraUITestsLaunchTests.swift */,
			);
			path = EnduraUITests;
			sourceTree = "<group>";
		};
		17CC66D92EE9B112C52C0C3B /* Users */ = {
			isa = PBXGroup;
			children = (
				17CC66EA7C715C2776A564D2 /* ProfileImage.swift */,
			);
			path = Users;
			sourceTree = "<group>";
		};
		17CC6751CEA8F4205A39FCF7 /* Components */ = {
			isa = PBXGroup;
			children = (
				17CC6C78A4FBDBC025182646 /* Activity */,
				17CC66D92EE9B112C52C0C3B /* Users */,
			);
			path = Components;
			sourceTree = "<group>";
		};
		17CC6C78A4FBDBC025182646 /* Activity */ = {
			isa = PBXGroup;
			children = (
				17CC69F5F51AE211727A3343 /* ActivityPost.swift */,
				696982EE94EC856245965FFD /* ActivityMap.swift */,
			);
			path = Activity;
			sourceTree = "<group>";
		};
		69698295434F07B0A3B70B02 /* Models */ = {
			isa = PBXGroup;
			children = (
				696986EDB3F87EE749147042 /* AppViewModel.swift */,
				69698F66CFE1EDEA0C937BEE /* FirebaseModels */,
				696982A3F9BB39FD53CF90B5 /* EnduraWorkout.swift */,
			);
			path = Models;
			sourceTree = "<group>";
		};
		696987044B598A3EAF716243 /* MapKit */ = {
			isa = PBXGroup;
			children = (
				69698EB89660B4ECE1D801BD /* MKCoordinateRegion.swift */,
				696985F087A56B76C2C803F6 /* CLLocation.swift */,
			);
			path = MapKit;
			sourceTree = "<group>";
		};
		69698720350C74DC405F7DBA /* Utils */ = {
			isa = PBXGroup;
			children = (
				69698E3957F37467DBEA8F92 /* Firebase */,
				6969874664193C94C38D7676 /* Navigation.swift */,
				6969875DB203A40C42590253 /* HealthKit */,
				6969809898A0099B126A1596 /* TimeUtils.swift */,
			);
			path = Utils;
			sourceTree = "<group>";
		};
		6969875DB203A40C42590253 /* HealthKit */ = {
			isa = PBXGroup;
			children = (
				69698B315EDC140451CA74A5 /* HealthKitUtils.swift */,
			);
			path = HealthKit;
			sourceTree = "<group>";
		};
		696988E1CBEAB633692B2D14 /* Views */ = {
			isa = PBXGroup;
			children = (
				69698D02516F70CDB3E69B2C /* LoginView.swift */,
				696984C1906C8DA101564F11 /* DashboardView.swift */,
				6969824200418FF34705EE6A /* HomeView.swift */,
				696985A05E4D25C066BD24F3 /* ProfileView.swift */,
				69698F375B8431109FFB3F98 /* TrainingView.swift */,
				69698E57D522B9890EAC81D4 /* Upload */,
				17CC6751CEA8F4205A39FCF7 /* Components */,
			);
			path = Views;
			sourceTree = "<group>";
		};
		69698BED38E7BC5FB38B4BA0 /* Errors */ = {
			isa = PBXGroup;
			children = (
				696980A9493FB9C9A2291998 /* WorkoutErrors.swift */,
				696984EE498475DB24E5E333 /* HealthKitErrors.swift */,
			);
			path = Errors;
			sourceTree = "<group>";
		};
		69698CBA3932CFCCE2E09B8F /* HealthKit */ = {
			isa = PBXGroup;
			children = (
				6969899BCE76C8EFC97E0F3B /* HKWorkoutActivityType.swift */,
			);
			path = HealthKit;
			sourceTree = "<group>";
		};
		69698E3957F37467DBEA8F92 /* Firebase */ = {
			isa = PBXGroup;
			children = (
				696989B3ACC5846606EE527B /* Auth.swift */,
				696982663142A11EE8E111D5 /* Users.swift */,
				696981801C5068A4710C0DA2 /* Database.swift */,
				0202FC522A677EA700D28518 /* Workout.swift */,
			);
			path = Firebase;
			sourceTree = "<group>";
		};
		69698E57D522B9890EAC81D4 /* Upload */ = {
			isa = PBXGroup;
			children = (
				6969849C3C4EA502A9EE3634 /* UploadWorkoutView.swift */,
				696984366AC3E4F224C26D34 /* UploadCustomWorkoutView.swift */,
				696982A720404C6B50029098 /* UploadWorkoutsFrameView.swift */,
				696982855FE478D8D2440495 /* PreviewWorkoutView.swift */,
			);
			path = Upload;
			sourceTree = "<group>";
		};
		69698F66CFE1EDEA0C937BEE /* FirebaseModels */ = {
			isa = PBXGroup;
			children = (
				6969870866179CC66A7558FB /* ActivityModels.swift */,
				17CC667CC1714144EA4F1172 /* UserModels.swift */,
			);
			path = FirebaseModels;
			sourceTree = "<group>";
		};
/* End PBXGroup section */

/* Begin PBXNativeTarget section */
		026042B82A62E27900F4AF88 /* Endura */ = {
			isa = PBXNativeTarget;
			buildConfigurationList = 026042DD2A62E27C00F4AF88 /* Build configuration list for PBXNativeTarget "Endura" */;
			buildPhases = (
				026042B52A62E27900F4AF88 /* Sources */,
				026042B62A62E27900F4AF88 /* Frameworks */,
				026042B72A62E27900F4AF88 /* Resources */,
			);
			buildRules = (
			);
			dependencies = (
			);
			name = Endura;
			packageProductDependencies = (
				026042E72A62E36300F4AF88 /* FirebaseAnalytics */,
				026042E92A62E36300F4AF88 /* FirebaseAnalyticsSwift */,
				026042EB2A62E36300F4AF88 /* FirebaseAuth */,
				026042ED2A62E36300F4AF88 /* FirebaseDatabase */,
				026042EF2A62E36300F4AF88 /* FirebaseDatabaseSwift */,
				026042F12A62E36300F4AF88 /* FirebaseFirestore */,
				026042F32A62E36300F4AF88 /* FirebaseFirestoreSwift */,
				026042F52A62E36300F4AF88 /* FirebaseFunctions */,
				026042F72A62E36300F4AF88 /* FirebaseMLModelDownloader */,
				026042F92A62E36300F4AF88 /* FirebaseStorage */,
				E955630B2A6F4F2800AC74DE /* SwiftUICharts */,
			);
			productName = Endura;
			productReference = 026042B92A62E27900F4AF88 /* Endura.app */;
			productType = "com.apple.product-type.application";
		};
		026042C82A62E27C00F4AF88 /* EnduraTests */ = {
			isa = PBXNativeTarget;
			buildConfigurationList = 026042E02A62E27C00F4AF88 /* Build configuration list for PBXNativeTarget "EnduraTests" */;
			buildPhases = (
				026042C52A62E27C00F4AF88 /* Sources */,
				026042C62A62E27C00F4AF88 /* Frameworks */,
				026042C72A62E27C00F4AF88 /* Resources */,
			);
			buildRules = (
			);
			dependencies = (
				026042CB2A62E27C00F4AF88 /* PBXTargetDependency */,
			);
			name = EnduraTests;
			productName = EnduraTests;
			productReference = 026042C92A62E27C00F4AF88 /* EnduraTests.xctest */;
			productType = "com.apple.product-type.bundle.unit-test";
		};
		026042D22A62E27C00F4AF88 /* EnduraUITests */ = {
			isa = PBXNativeTarget;
			buildConfigurationList = 026042E32A62E27C00F4AF88 /* Build configuration list for PBXNativeTarget "EnduraUITests" */;
			buildPhases = (
				026042CF2A62E27C00F4AF88 /* Sources */,
				026042D02A62E27C00F4AF88 /* Frameworks */,
				026042D12A62E27C00F4AF88 /* Resources */,
			);
			buildRules = (
			);
			dependencies = (
				026042D52A62E27C00F4AF88 /* PBXTargetDependency */,
			);
			name = EnduraUITests;
			productName = EnduraUITests;
			productReference = 026042D32A62E27C00F4AF88 /* EnduraUITests.xctest */;
			productType = "com.apple.product-type.bundle.ui-testing";
		};
/* End PBXNativeTarget section */

/* Begin PBXProject section */
		026042B12A62E27900F4AF88 /* Project object */ = {
			isa = PBXProject;
			attributes = {
				BuildIndependentTargetsInParallel = 1;
				LastSwiftUpdateCheck = 1500;
				LastUpgradeCheck = 1500;
				TargetAttributes = {
					026042B82A62E27900F4AF88 = {
						CreatedOnToolsVersion = 15.0;
					};
					026042C82A62E27C00F4AF88 = {
						CreatedOnToolsVersion = 15.0;
						TestTargetID = 026042B82A62E27900F4AF88;
					};
					026042D22A62E27C00F4AF88 = {
						CreatedOnToolsVersion = 15.0;
						TestTargetID = 026042B82A62E27900F4AF88;
					};
				};
			};
			buildConfigurationList = 026042B42A62E27900F4AF88 /* Build configuration list for PBXProject "Endura" */;
			compatibilityVersion = "Xcode 14.0";
			developmentRegion = en;
			hasScannedForEncodings = 0;
			knownRegions = (
				en,
				Base,
			);
			mainGroup = 026042B02A62E27900F4AF88;
			packageReferences = (
				026042E62A62E36300F4AF88 /* XCRemoteSwiftPackageReference "firebase-ios-sdk" */,
				E955630A2A6F4F2800AC74DE /* XCRemoteSwiftPackageReference "ChartView" */,
			);
			productRefGroup = 026042BA2A62E27900F4AF88 /* Products */;
			projectDirPath = "";
			projectRoot = "";
			targets = (
				026042B82A62E27900F4AF88 /* Endura */,
				026042C82A62E27C00F4AF88 /* EnduraTests */,
				026042D22A62E27C00F4AF88 /* EnduraUITests */,
			);
		};
/* End PBXProject section */

/* Begin PBXResourcesBuildPhase section */
		026042B72A62E27900F4AF88 /* Resources */ = {
			isa = PBXResourcesBuildPhase;
			buildActionMask = 2147483647;
			files = (
				026042C42A62E27C00F4AF88 /* Preview Assets.xcassets in Resources */,
				026042C12A62E27C00F4AF88 /* Assets.xcassets in Resources */,
				02352F942A6595B200BB68AF /* GoogleService-Info.plist in Resources */,
			);
			runOnlyForDeploymentPostprocessing = 0;
		};
		026042C72A62E27C00F4AF88 /* Resources */ = {
			isa = PBXResourcesBuildPhase;
			buildActionMask = 2147483647;
			files = (
			);
			runOnlyForDeploymentPostprocessing = 0;
		};
		026042D12A62E27C00F4AF88 /* Resources */ = {
			isa = PBXResourcesBuildPhase;
			buildActionMask = 2147483647;
			files = (
			);
			runOnlyForDeploymentPostprocessing = 0;
		};
/* End PBXResourcesBuildPhase section */

/* Begin PBXSourcesBuildPhase section */
		026042B52A62E27900F4AF88 /* Sources */ = {
			isa = PBXSourcesBuildPhase;
			buildActionMask = 2147483647;
			files = (
				026042BF2A62E27900F4AF88 /* ContentView.swift in Sources */,
				026042BD2A62E27900F4AF88 /* EnduraApp.swift in Sources */,
				69698C7897FE8F624876FE76 /* LoginView.swift in Sources */,
				696983C807BF764F750FB09D /* Auth.swift in Sources */,
				696984F1B1F8F623157F875A /* Users.swift in Sources */,
				69698ABD6831384C8A8992BA /* Navigation.swift in Sources */,
				69698D8125A684D0E6DFC4C2 /* AppViewModel.swift in Sources */,
				69698FAA873BB6E235CB0685 /* DashboardView.swift in Sources */,
				6969806A4CC90CB13D38ABAE /* Database.swift in Sources */,
				0202FC532A677EA700D28518 /* Workout.swift in Sources */,
				6969869F3EB16BBBEE6D126E /* HomeView.swift in Sources */,
				696983C2448098B242747B5C /* ProfileView.swift in Sources */,
				69698E351EF5E934C5440F86 /* TrainingView.swift in Sources */,
				6969826CF3BCDFA16EC0B2C2 /* ActivityModels.swift in Sources */,
				696989667077D098FD05A1C6 /* HealthKitUtils.swift in Sources */,
				69698A7D9AF715CD1B7108FD /* TimeUtils.swift in Sources */,
				69698B2BDA9046D639E2A0E6 /* UploadWorkoutView.swift in Sources */,
				69698671DBDF2B136019BAA8 /* UploadCustomWorkoutView.swift in Sources */,
				69698AFD558796F80D1A9385 /* UploadWorkoutsFrameView.swift in Sources */,
				6969893318E9C58859CCA2A0 /* EnduraWorkout.swift in Sources */,
				6969874C7C01175EDE8DC3F7 /* PreviewWorkoutView.swift in Sources */,
				17CC668261B0BC82E6EEDDBA /* ActivityPost.swift in Sources */,
				17CC6D07ACB8C238CFDC9CC6 /* ProfileImage.swift in Sources */,
				69698BABDCAEC0A369C6A3FA /* Double.swift in Sources */,
				696980FB9DBE79E1EA36A768 /* ActivityMap.swift in Sources */,
				69698F967DFA9D0303BE96FF /* MKCoordinateRegion.swift in Sources */,
				6969878A3056F1B2A488E450 /* CLLocation.swift in Sources */,
				696986BD803239CC2C5AE22A /* HKWorkoutActivityType.swift in Sources */,
				17CC6E57057675F816CE2456 /* UserModels.swift in Sources */,
				696986CC55DFA43BF6A1D9B1 /* WorkoutErrors.swift in Sources */,
				696983D815E023C30549A7BB /* HealthKitErrors.swift in Sources */,
			);
			runOnlyForDeploymentPostprocessing = 0;
		};
		026042C52A62E27C00F4AF88 /* Sources */ = {
			isa = PBXSourcesBuildPhase;
			buildActionMask = 2147483647;
			files = (
				026042CE2A62E27C00F4AF88 /* EnduraTests.swift in Sources */,
			);
			runOnlyForDeploymentPostprocessing = 0;
		};
		026042CF2A62E27C00F4AF88 /* Sources */ = {
			isa = PBXSourcesBuildPhase;
			buildActionMask = 2147483647;
			files = (
				026042D82A62E27C00F4AF88 /* EnduraUITests.swift in Sources */,
				026042DA2A62E27C00F4AF88 /* EnduraUITestsLaunchTests.swift in Sources */,
			);
			runOnlyForDeploymentPostprocessing = 0;
		};
/* End PBXSourcesBuildPhase section */

/* Begin PBXTargetDependency section */
		026042CB2A62E27C00F4AF88 /* PBXTargetDependency */ = {
			isa = PBXTargetDependency;
			target = 026042B82A62E27900F4AF88 /* Endura */;
			targetProxy = 026042CA2A62E27C00F4AF88 /* PBXContainerItemProxy */;
		};
		026042D52A62E27C00F4AF88 /* PBXTargetDependency */ = {
			isa = PBXTargetDependency;
			target = 026042B82A62E27900F4AF88 /* Endura */;
			targetProxy = 026042D42A62E27C00F4AF88 /* PBXContainerItemProxy */;
		};
/* End PBXTargetDependency section */

/* Begin XCBuildConfiguration section */
		026042DB2A62E27C00F4AF88 /* Debug */ = {
			isa = XCBuildConfiguration;
			buildSettings = {
				ALWAYS_SEARCH_USER_PATHS = NO;
				ASSETCATALOG_COMPILER_GENERATE_SWIFT_ASSET_SYMBOL_EXTENSIONS = YES;
				CLANG_ANALYZER_NONNULL = YES;
				CLANG_ANALYZER_NUMBER_OBJECT_CONVERSION = YES_AGGRESSIVE;
				CLANG_CXX_LANGUAGE_STANDARD = "gnu++20";
				CLANG_ENABLE_MODULES = YES;
				CLANG_ENABLE_OBJC_ARC = YES;
				CLANG_ENABLE_OBJC_WEAK = YES;
				CLANG_WARN_BLOCK_CAPTURE_AUTORELEASING = YES;
				CLANG_WARN_BOOL_CONVERSION = YES;
				CLANG_WARN_COMMA = YES;
				CLANG_WARN_CONSTANT_CONVERSION = YES;
				CLANG_WARN_DEPRECATED_OBJC_IMPLEMENTATIONS = YES;
				CLANG_WARN_DIRECT_OBJC_ISA_USAGE = YES_ERROR;
				CLANG_WARN_DOCUMENTATION_COMMENTS = YES;
				CLANG_WARN_EMPTY_BODY = YES;
				CLANG_WARN_ENUM_CONVERSION = YES;
				CLANG_WARN_INFINITE_RECURSION = YES;
				CLANG_WARN_INT_CONVERSION = YES;
				CLANG_WARN_NON_LITERAL_NULL_CONVERSION = YES;
				CLANG_WARN_OBJC_IMPLICIT_RETAIN_SELF = YES;
				CLANG_WARN_OBJC_LITERAL_CONVERSION = YES;
				CLANG_WARN_OBJC_ROOT_CLASS = YES_ERROR;
				CLANG_WARN_QUOTED_INCLUDE_IN_FRAMEWORK_HEADER = YES;
				CLANG_WARN_RANGE_LOOP_ANALYSIS = YES;
				CLANG_WARN_STRICT_PROTOTYPES = YES;
				CLANG_WARN_SUSPICIOUS_MOVE = YES;
				CLANG_WARN_UNGUARDED_AVAILABILITY = YES_AGGRESSIVE;
				CLANG_WARN_UNREACHABLE_CODE = YES;
				CLANG_WARN__DUPLICATE_METHOD_MATCH = YES;
				COPY_PHASE_STRIP = NO;
				DEBUG_INFORMATION_FORMAT = dwarf;
				ENABLE_STRICT_OBJC_MSGSEND = YES;
				ENABLE_TESTABILITY = YES;
				ENABLE_USER_SCRIPT_SANDBOXING = YES;
				"EXCLUDED_ARCHS[sdk=*]" = x86_64;
				GCC_C_LANGUAGE_STANDARD = gnu17;
				GCC_DYNAMIC_NO_PIC = NO;
				GCC_NO_COMMON_BLOCKS = YES;
				GCC_OPTIMIZATION_LEVEL = 0;
				GCC_PREPROCESSOR_DEFINITIONS = (
					"DEBUG=1",
					"$(inherited)",
				);
				GCC_WARN_64_TO_32_BIT_CONVERSION = YES;
				GCC_WARN_ABOUT_RETURN_TYPE = YES_ERROR;
				GCC_WARN_UNDECLARED_SELECTOR = YES;
				GCC_WARN_UNINITIALIZED_AUTOS = YES_AGGRESSIVE;
				GCC_WARN_UNUSED_FUNCTION = YES;
				GCC_WARN_UNUSED_VARIABLE = YES;
				IPHONEOS_DEPLOYMENT_TARGET = 17.0;
				LOCALIZATION_PREFERS_STRING_CATALOGS = YES;
				MTL_ENABLE_DEBUG_INFO = INCLUDE_SOURCE;
				MTL_FAST_MATH = YES;
				ONLY_ACTIVE_ARCH = YES;
				SDKROOT = iphoneos;
				SWIFT_ACTIVE_COMPILATION_CONDITIONS = "DEBUG $(inherited)";
				SWIFT_OPTIMIZATION_LEVEL = "-Onone";
			};
			name = Debug;
		};
		026042DC2A62E27C00F4AF88 /* Release */ = {
			isa = XCBuildConfiguration;
			buildSettings = {
				ALWAYS_SEARCH_USER_PATHS = NO;
				ASSETCATALOG_COMPILER_GENERATE_SWIFT_ASSET_SYMBOL_EXTENSIONS = YES;
				CLANG_ANALYZER_NONNULL = YES;
				CLANG_ANALYZER_NUMBER_OBJECT_CONVERSION = YES_AGGRESSIVE;
				CLANG_CXX_LANGUAGE_STANDARD = "gnu++20";
				CLANG_ENABLE_MODULES = YES;
				CLANG_ENABLE_OBJC_ARC = YES;
				CLANG_ENABLE_OBJC_WEAK = YES;
				CLANG_WARN_BLOCK_CAPTURE_AUTORELEASING = YES;
				CLANG_WARN_BOOL_CONVERSION = YES;
				CLANG_WARN_COMMA = YES;
				CLANG_WARN_CONSTANT_CONVERSION = YES;
				CLANG_WARN_DEPRECATED_OBJC_IMPLEMENTATIONS = YES;
				CLANG_WARN_DIRECT_OBJC_ISA_USAGE = YES_ERROR;
				CLANG_WARN_DOCUMENTATION_COMMENTS = YES;
				CLANG_WARN_EMPTY_BODY = YES;
				CLANG_WARN_ENUM_CONVERSION = YES;
				CLANG_WARN_INFINITE_RECURSION = YES;
				CLANG_WARN_INT_CONVERSION = YES;
				CLANG_WARN_NON_LITERAL_NULL_CONVERSION = YES;
				CLANG_WARN_OBJC_IMPLICIT_RETAIN_SELF = YES;
				CLANG_WARN_OBJC_LITERAL_CONVERSION = YES;
				CLANG_WARN_OBJC_ROOT_CLASS = YES_ERROR;
				CLANG_WARN_QUOTED_INCLUDE_IN_FRAMEWORK_HEADER = YES;
				CLANG_WARN_RANGE_LOOP_ANALYSIS = YES;
				CLANG_WARN_STRICT_PROTOTYPES = YES;
				CLANG_WARN_SUSPICIOUS_MOVE = YES;
				CLANG_WARN_UNGUARDED_AVAILABILITY = YES_AGGRESSIVE;
				CLANG_WARN_UNREACHABLE_CODE = YES;
				CLANG_WARN__DUPLICATE_METHOD_MATCH = YES;
				COPY_PHASE_STRIP = NO;
				DEBUG_INFORMATION_FORMAT = "dwarf-with-dsym";
				ENABLE_NS_ASSERTIONS = NO;
				ENABLE_STRICT_OBJC_MSGSEND = YES;
				ENABLE_USER_SCRIPT_SANDBOXING = YES;
				GCC_C_LANGUAGE_STANDARD = gnu17;
				GCC_NO_COMMON_BLOCKS = YES;
				GCC_WARN_64_TO_32_BIT_CONVERSION = YES;
				GCC_WARN_ABOUT_RETURN_TYPE = YES_ERROR;
				GCC_WARN_UNDECLARED_SELECTOR = YES;
				GCC_WARN_UNINITIALIZED_AUTOS = YES_AGGRESSIVE;
				GCC_WARN_UNUSED_FUNCTION = YES;
				GCC_WARN_UNUSED_VARIABLE = YES;
				IPHONEOS_DEPLOYMENT_TARGET = 17.0;
				LOCALIZATION_PREFERS_STRING_CATALOGS = YES;
				MTL_ENABLE_DEBUG_INFO = NO;
				MTL_FAST_MATH = YES;
				SDKROOT = iphoneos;
				SWIFT_COMPILATION_MODE = wholemodule;
				VALIDATE_PRODUCT = YES;
			};
			name = Release;
		};
		026042DE2A62E27C00F4AF88 /* Debug */ = {
			isa = XCBuildConfiguration;
			buildSettings = {
				ASSETCATALOG_COMPILER_APPICON_NAME = AppIcon;
				ASSETCATALOG_COMPILER_GLOBAL_ACCENT_COLOR_NAME = AccentColor;
				CODE_SIGN_ENTITLEMENTS = Endura/EnduraDebug.entitlements;
				CODE_SIGN_STYLE = Automatic;
				CURRENT_PROJECT_VERSION = 1;
				DEVELOPMENT_ASSET_PATHS = "\"Endura/Preview Content\"";
				DEVELOPMENT_TEAM = 879YJUG243;
				ENABLE_PREVIEWS = YES;
				GENERATE_INFOPLIST_FILE = YES;
				INFOPLIST_KEY_NSHealthShareUsageDescription = "Needed to add workouts.";
				INFOPLIST_KEY_UIApplicationSceneManifest_Generation = YES;
				INFOPLIST_KEY_UIApplicationSupportsIndirectInputEvents = YES;
				INFOPLIST_KEY_UILaunchScreen_Generation = YES;
				INFOPLIST_KEY_UISupportedInterfaceOrientations = UIInterfaceOrientationPortrait;
				IPHONEOS_DEPLOYMENT_TARGET = 15.6;
				LD_RUNPATH_SEARCH_PATHS = (
					"$(inherited)",
					"@executable_path/Frameworks",
				);
				MARKETING_VERSION = 1.0;
				PRODUCT_BUNDLE_IDENTIFIER = com.endura.EnduraApp;
				PRODUCT_NAME = "$(TARGET_NAME)";
				SWIFT_EMIT_LOC_STRINGS = YES;
				SWIFT_VERSION = 5.0;
				TARGETED_DEVICE_FAMILY = "1,2";
			};
			name = Debug;
		};
		026042DF2A62E27C00F4AF88 /* Release */ = {
			isa = XCBuildConfiguration;
			buildSettings = {
				ASSETCATALOG_COMPILER_APPICON_NAME = AppIcon;
				ASSETCATALOG_COMPILER_GLOBAL_ACCENT_COLOR_NAME = AccentColor;
				CODE_SIGN_STYLE = Automatic;
				CURRENT_PROJECT_VERSION = 1;
				DEVELOPMENT_ASSET_PATHS = "\"Endura/Preview Content\"";
				DEVELOPMENT_TEAM = 879YJUG243;
				ENABLE_PREVIEWS = YES;
				GENERATE_INFOPLIST_FILE = YES;
				INFOPLIST_KEY_NSHealthShareUsageDescription = "Needed to add workouts.";
				INFOPLIST_KEY_UIApplicationSceneManifest_Generation = YES;
				INFOPLIST_KEY_UIApplicationSupportsIndirectInputEvents = YES;
				INFOPLIST_KEY_UILaunchScreen_Generation = YES;
				INFOPLIST_KEY_UISupportedInterfaceOrientations = UIInterfaceOrientationPortrait;
				IPHONEOS_DEPLOYMENT_TARGET = 15.6;
				LD_RUNPATH_SEARCH_PATHS = (
					"$(inherited)",
					"@executable_path/Frameworks",
				);
				MARKETING_VERSION = 1.0;
				PRODUCT_BUNDLE_IDENTIFIER = com.endura.EnduraApp;
				PRODUCT_NAME = "$(TARGET_NAME)";
				SWIFT_EMIT_LOC_STRINGS = YES;
				SWIFT_VERSION = 5.0;
				TARGETED_DEVICE_FAMILY = "1,2";
			};
			name = Release;
		};
		026042E12A62E27C00F4AF88 /* Debug */ = {
			isa = XCBuildConfiguration;
			buildSettings = {
				ALWAYS_EMBED_SWIFT_STANDARD_LIBRARIES = YES;
				BUNDLE_LOADER = "$(TEST_HOST)";
				CODE_SIGN_STYLE = Automatic;
				CURRENT_PROJECT_VERSION = 1;
				DEVELOPMENT_TEAM = 879YJUG243;
				GENERATE_INFOPLIST_FILE = YES;
				IPHONEOS_DEPLOYMENT_TARGET = 17.0;
				MARKETING_VERSION = 1.0;
				PRODUCT_BUNDLE_IDENTIFIER = com.endura.EnduraApp.EnduraTests;
				PRODUCT_NAME = "$(TARGET_NAME)";
				SWIFT_EMIT_LOC_STRINGS = NO;
				SWIFT_VERSION = 5.0;
				TARGETED_DEVICE_FAMILY = "1,2";
				TEST_HOST = "$(BUILT_PRODUCTS_DIR)/Endura.app/$(BUNDLE_EXECUTABLE_FOLDER_PATH)/Endura";
			};
			name = Debug;
		};
		026042E22A62E27C00F4AF88 /* Release */ = {
			isa = XCBuildConfiguration;
			buildSettings = {
				ALWAYS_EMBED_SWIFT_STANDARD_LIBRARIES = YES;
				BUNDLE_LOADER = "$(TEST_HOST)";
				CODE_SIGN_STYLE = Automatic;
				CURRENT_PROJECT_VERSION = 1;
				DEVELOPMENT_TEAM = 879YJUG243;
				GENERATE_INFOPLIST_FILE = YES;
				IPHONEOS_DEPLOYMENT_TARGET = 17.0;
				MARKETING_VERSION = 1.0;
				PRODUCT_BUNDLE_IDENTIFIER = com.endura.EnduraApp.EnduraTests;
				PRODUCT_NAME = "$(TARGET_NAME)";
				SWIFT_EMIT_LOC_STRINGS = NO;
				SWIFT_VERSION = 5.0;
				TARGETED_DEVICE_FAMILY = "1,2";
				TEST_HOST = "$(BUILT_PRODUCTS_DIR)/Endura.app/$(BUNDLE_EXECUTABLE_FOLDER_PATH)/Endura";
			};
			name = Release;
		};
		026042E42A62E27C00F4AF88 /* Debug */ = {
			isa = XCBuildConfiguration;
			buildSettings = {
				ALWAYS_EMBED_SWIFT_STANDARD_LIBRARIES = YES;
				CODE_SIGN_STYLE = Automatic;
				CURRENT_PROJECT_VERSION = 1;
				DEVELOPMENT_TEAM = 879YJUG243;
				GENERATE_INFOPLIST_FILE = YES;
				MARKETING_VERSION = 1.0;
				PRODUCT_BUNDLE_IDENTIFIER = com.endura.EnduraApp.EnduraUITests;
				PRODUCT_NAME = "$(TARGET_NAME)";
				SWIFT_EMIT_LOC_STRINGS = NO;
				SWIFT_VERSION = 5.0;
				TARGETED_DEVICE_FAMILY = "1,2";
				TEST_TARGET_NAME = Endura;
			};
			name = Debug;
		};
		026042E52A62E27C00F4AF88 /* Release */ = {
			isa = XCBuildConfiguration;
			buildSettings = {
				ALWAYS_EMBED_SWIFT_STANDARD_LIBRARIES = YES;
				CODE_SIGN_STYLE = Automatic;
				CURRENT_PROJECT_VERSION = 1;
				DEVELOPMENT_TEAM = 879YJUG243;
				GENERATE_INFOPLIST_FILE = YES;
				MARKETING_VERSION = 1.0;
				PRODUCT_BUNDLE_IDENTIFIER = com.endura.EnduraApp.EnduraUITests;
				PRODUCT_NAME = "$(TARGET_NAME)";
				SWIFT_EMIT_LOC_STRINGS = NO;
				SWIFT_VERSION = 5.0;
				TARGETED_DEVICE_FAMILY = "1,2";
				TEST_TARGET_NAME = Endura;
			};
			name = Release;
		};
/* End XCBuildConfiguration section */

/* Begin XCConfigurationList section */
		026042B42A62E27900F4AF88 /* Build configuration list for PBXProject "Endura" */ = {
			isa = XCConfigurationList;
			buildConfigurations = (
				026042DB2A62E27C00F4AF88 /* Debug */,
				026042DC2A62E27C00F4AF88 /* Release */,
			);
			defaultConfigurationIsVisible = 0;
			defaultConfigurationName = Debug;
		};
		026042DD2A62E27C00F4AF88 /* Build configuration list for PBXNativeTarget "Endura" */ = {
			isa = XCConfigurationList;
			buildConfigurations = (
				026042DE2A62E27C00F4AF88 /* Debug */,
				026042DF2A62E27C00F4AF88 /* Release */,
			);
			defaultConfigurationIsVisible = 0;
			defaultConfigurationName = Debug;
		};
		026042E02A62E27C00F4AF88 /* Build configuration list for PBXNativeTarget "EnduraTests" */ = {
			isa = XCConfigurationList;
			buildConfigurations = (
				026042E12A62E27C00F4AF88 /* Debug */,
				026042E22A62E27C00F4AF88 /* Release */,
			);
			defaultConfigurationIsVisible = 0;
			defaultConfigurationName = Debug;
		};
		026042E32A62E27C00F4AF88 /* Build configuration list for PBXNativeTarget "EnduraUITests" */ = {
			isa = XCConfigurationList;
			buildConfigurations = (
				026042E42A62E27C00F4AF88 /* Debug */,
				026042E52A62E27C00F4AF88 /* Release */,
			);
			defaultConfigurationIsVisible = 0;
			defaultConfigurationName = Debug;
		};
/* End XCConfigurationList section */

/* Begin XCRemoteSwiftPackageReference section */
		026042E62A62E36300F4AF88 /* XCRemoteSwiftPackageReference "firebase-ios-sdk" */ = {
			isa = XCRemoteSwiftPackageReference;
			repositoryURL = "https://github.com/firebase/firebase-ios-sdk.git";
			requirement = {
				kind = upToNextMajorVersion;
				minimumVersion = 10.12.0;
			};
		};
		E955630A2A6F4F2800AC74DE /* XCRemoteSwiftPackageReference "ChartView" */ = {
			isa = XCRemoteSwiftPackageReference;
			repositoryURL = "https://github.com/AppPear/ChartView";
			requirement = {
				kind = upToNextMajorVersion;
				minimumVersion = 1.0.0;
			};
		};
/* End XCRemoteSwiftPackageReference section */

/* Begin XCSwiftPackageProductDependency section */
		026042E72A62E36300F4AF88 /* FirebaseAnalytics */ = {
			isa = XCSwiftPackageProductDependency;
			package = 026042E62A62E36300F4AF88 /* XCRemoteSwiftPackageReference "firebase-ios-sdk" */;
			productName = FirebaseAnalytics;
		};
		026042E92A62E36300F4AF88 /* FirebaseAnalyticsSwift */ = {
			isa = XCSwiftPackageProductDependency;
			package = 026042E62A62E36300F4AF88 /* XCRemoteSwiftPackageReference "firebase-ios-sdk" */;
			productName = FirebaseAnalyticsSwift;
		};
		026042EB2A62E36300F4AF88 /* FirebaseAuth */ = {
			isa = XCSwiftPackageProductDependency;
			package = 026042E62A62E36300F4AF88 /* XCRemoteSwiftPackageReference "firebase-ios-sdk" */;
			productName = FirebaseAuth;
		};
		026042ED2A62E36300F4AF88 /* FirebaseDatabase */ = {
			isa = XCSwiftPackageProductDependency;
			package = 026042E62A62E36300F4AF88 /* XCRemoteSwiftPackageReference "firebase-ios-sdk" */;
			productName = FirebaseDatabase;
		};
		026042EF2A62E36300F4AF88 /* FirebaseDatabaseSwift */ = {
			isa = XCSwiftPackageProductDependency;
			package = 026042E62A62E36300F4AF88 /* XCRemoteSwiftPackageReference "firebase-ios-sdk" */;
			productName = FirebaseDatabaseSwift;
		};
		026042F12A62E36300F4AF88 /* FirebaseFirestore */ = {
			isa = XCSwiftPackageProductDependency;
			package = 026042E62A62E36300F4AF88 /* XCRemoteSwiftPackageReference "firebase-ios-sdk" */;
			productName = FirebaseFirestore;
		};
		026042F32A62E36300F4AF88 /* FirebaseFirestoreSwift */ = {
			isa = XCSwiftPackageProductDependency;
			package = 026042E62A62E36300F4AF88 /* XCRemoteSwiftPackageReference "firebase-ios-sdk" */;
			productName = FirebaseFirestoreSwift;
		};
		026042F52A62E36300F4AF88 /* FirebaseFunctions */ = {
			isa = XCSwiftPackageProductDependency;
			package = 026042E62A62E36300F4AF88 /* XCRemoteSwiftPackageReference "firebase-ios-sdk" */;
			productName = FirebaseFunctions;
		};
		026042F72A62E36300F4AF88 /* FirebaseMLModelDownloader */ = {
			isa = XCSwiftPackageProductDependency;
			package = 026042E62A62E36300F4AF88 /* XCRemoteSwiftPackageReference "firebase-ios-sdk" */;
			productName = FirebaseMLModelDownloader;
		};
		026042F92A62E36300F4AF88 /* FirebaseStorage */ = {
			isa = XCSwiftPackageProductDependency;
			package = 026042E62A62E36300F4AF88 /* XCRemoteSwiftPackageReference "firebase-ios-sdk" */;
			productName = FirebaseStorage;
		};
		E955630B2A6F4F2800AC74DE /* SwiftUICharts */ = {
			isa = XCSwiftPackageProductDependency;
			package = E955630A2A6F4F2800AC74DE /* XCRemoteSwiftPackageReference "ChartView" */;
			productName = SwiftUICharts;
		};
/* End XCSwiftPackageProductDependency section */
	};
	rootObject = 026042B12A62E27900F4AF88 /* Project object */;
}
